
Microsoft Visual Studio Solution File, Format Version 12.00
# Visual Studio 2012
Project("{FAE04EC0-301F-11D3-BF4B-00C04F79EFBC}") = "binary_reader", "binary_reader\binary_reader.csproj", "{776757C0-653E-4AC3-A947-5AC9AF69AE90}"
EndProject
Global
	GlobalSection(SolutionConfigurationPlatforms) = preSolution
		Debug|Any CPU = Debug|Any CPU
		Release|Any CPU = Release|Any CPU
	EndGlobalSection
	GlobalSection(ProjectConfigurationPlatforms) = postSolution
		{776757C0-653E-4AC3-A947-5AC9AF69AE90}.Debug|Any CPU.ActiveCfg = Debug|Any CPU
		{776757C0-653E-4AC3-A947-5AC9AF69AE90}.Debug|Any CPU.Build.0 = Debug|Any CPU
		{776757C0-653E-4AC3-A947-5AC9AF69AE90}.Release|Any CPU.ActiveCfg = Release|Any CPU
		{776757C0-653E-4AC3-A947-5AC9AF69AE90}.Release|Any CPU.Build.0 = Release|Any CPU
	EndGlobalSection
EndGlobal
